
Microsoft Visual Studio Solution File, Format Version 12.00
# Visual Studio Version 17
VisualStudioVersion = 17.14.36414.22 d17.14
MinimumVisualStudioVersion = 10.0.40219.1
Project("{FAE04EC0-301F-11D3-BF4B-00C04F79EFBC}") = "TenantStore.Domain", "TenantStore.Domain\TenantStore.Domain.csproj", "{C1290F7A-432E-4D1E-8EB4-CB490FB15B4B}"
EndProject
Project("{FAE04EC0-301F-11D3-BF4B-00C04F79EFBC}") = "TenantStore.Application", "TenantStore.Application\TenantStore.Application.csproj", "{B3518B67-64CF-4768-8252-FEB4F5C86807}"
EndProject
Project("{FAE04EC0-301F-11D3-BF4B-00C04F79EFBC}") = "TenantStore.Infrastructure", "TenantStore.Infrastructure\TenantStore.Infrastructure.csproj", "{DF37FA18-C1C0-42B9-98B1-86BC501C0151}"
EndProject
Project("{FAE04EC0-301F-11D3-BF4B-00C04F79EFBC}") = "TenantStore.API", "TenantStore.API\TenantStore.API.csproj", "{8A9B90E0-369B-4BC9-AEC0-4097ADB3B67B}"
EndProject
Global
	GlobalSection(SolutionConfigurationPlatforms) = preSolution
		Debug|Any CPU = Debug|Any CPU
		Release|Any CPU = Release|Any CPU
	EndGlobalSection
	GlobalSection(ProjectConfigurationPlatforms) = postSolution
		{C1290F7A-432E-4D1E-8EB4-CB490FB15B4B}.Debug|Any CPU.ActiveCfg = Debug|Any CPU
		{C1290F7A-432E-4D1E-8EB4-CB490FB15B4B}.Debug|Any CPU.Build.0 = Debug|Any CPU
		{C1290F7A-432E-4D1E-8EB4-CB490FB15B4B}.Release|Any CPU.ActiveCfg = Release|Any CPU
		{C1290F7A-432E-4D1E-8EB4-CB490FB15B4B}.Release|Any CPU.Build.0 = Release|Any CPU
		{B3518B67-64CF-4768-8252-FEB4F5C86807}.Debug|Any CPU.ActiveCfg = Debug|Any CPU
		{B3518B67-64CF-4768-8252-FEB4F5C86807}.Debug|Any CPU.Build.0 = Debug|Any CPU
		{B3518B67-64CF-4768-8252-FEB4F5C86807}.Release|Any CPU.ActiveCfg = Release|Any CPU
		{B3518B67-64CF-4768-8252-FEB4F5C86807}.Release|Any CPU.Build.0 = Release|Any CPU
		{DF37FA18-C1C0-42B9-98B1-86BC501C0151}.Debug|Any CPU.ActiveCfg = Debug|Any CPU
		{DF37FA18-C1C0-42B9-98B1-86BC501C0151}.Debug|Any CPU.Build.0 = Debug|Any CPU
		{DF37FA18-C1C0-42B9-98B1-86BC501C0151}.Release|Any CPU.ActiveCfg = Release|Any CPU
		{DF37FA18-C1C0-42B9-98B1-86BC501C0151}.Release|Any CPU.Build.0 = Release|Any CPU
		{8A9B90E0-369B-4BC9-AEC0-4097ADB3B67B}.Debug|Any CPU.ActiveCfg = Debug|Any CPU
		{8A9B90E0-369B-4BC9-AEC0-4097ADB3B67B}.Debug|Any CPU.Build.0 = Debug|Any CPU
		{8A9B90E0-369B-4BC9-AEC0-4097ADB3B67B}.Release|Any CPU.ActiveCfg = Release|Any CPU
		{8A9B90E0-369B-4BC9-AEC0-4097ADB3B67B}.Release|Any CPU.Build.0 = Release|Any CPU
	EndGlobalSection
	GlobalSection(SolutionProperties) = preSolution
		HideSolutionNode = FALSE
	EndGlobalSection
	GlobalSection(ExtensibilityGlobals) = postSolution
		SolutionGuid = {992182D4-29EE-406A-8CC7-C624DAA073CA}
	EndGlobalSection
EndGlobal
